
Microsoft Visual Studio Solution File, Format Version 12.00
# Visual Studio Version 17
VisualStudioVersion = 17.2.32630.192
MinimumVisualStudioVersion = 10.0.40219.1
Project("{FAE04EC0-301F-11D3-BF4B-00C04F79EFBC}") = "SysApp", "SysApp\SysApp.csproj", "{4A5C535E-CD59-44C7-A7F7-749630FAD541}"
EndProject
Global
	GlobalSection(SolutionConfigurationPlatforms) = preSolution
		Debug|Any CPU = Debug|Any CPU
		Release|Any CPU = Release|Any CPU
	EndGlobalSection
	GlobalSection(ProjectConfigurationPlatforms) = postSolution
		{4A5C535E-CD59-44C7-A7F7-749630FAD541}.Debug|Any CPU.ActiveCfg = Debug|Any CPU
		{4A5C535E-CD59-44C7-A7F7-749630FAD541}.Debug|Any CPU.Build.0 = Debug|Any CPU
		{4A5C535E-CD59-44C7-A7F7-749630FAD541}.Release|Any CPU.ActiveCfg = Release|Any CPU
		{4A5C535E-CD59-44C7-A7F7-749630FAD541}.Release|Any CPU.Build.0 = Release|Any CPU
	EndGlobalSection
	GlobalSection(SolutionProperties) = preSolution
		HideSolutionNode = FALSE
	EndGlobalSection
	GlobalSection(ExtensibilityGlobals) = postSolution
		SolutionGuid = {0F9DF8A1-D90D-4E24-A4C7-D652AA0384E7}
	EndGlobalSection
EndGlobal
